
Microsoft Visual Studio Solution File, Format Version 12.00
# Visual Studio Version 17
VisualStudioVersion = 17.9.34622.214
MinimumVisualStudioVersion = 10.0.40219.1
Project("{FAE04EC0-301F-11D3-BF4B-00C04F79EFBC}") = "Presentation", "Presentation\Presentation.csproj", "{A059D3FE-462A-4015-AAE3-B3D9C90624E8}"
EndProject
Project("{FAE04EC0-301F-11D3-BF4B-00C04F79EFBC}") = "DataAccess", "DataAccess\DataAccess.csproj", "{BDED8A5F-FE4D-4E9E-92BE-5CAAC770F7EA}"
EndProject
Project("{FAE04EC0-301F-11D3-BF4B-00C04F79EFBC}") = "Model", "Model\Model.csproj", "{2869E77E-43C5-4FF4-B835-82094C85C7B1}"
EndProject
Global
	GlobalSection(SolutionConfigurationPlatforms) = preSolution
		Debug|Any CPU = Debug|Any CPU
		Release|Any CPU = Release|Any CPU
	EndGlobalSection
	GlobalSection(ProjectConfigurationPlatforms) = postSolution
		{A059D3FE-462A-4015-AAE3-B3D9C90624E8}.Debug|Any CPU.ActiveCfg = Debug|Any CPU
		{A059D3FE-462A-4015-AAE3-B3D9C90624E8}.Debug|Any CPU.Build.0 = Debug|Any CPU
		{A059D3FE-462A-4015-AAE3-B3D9C90624E8}.Release|Any CPU.ActiveCfg = Release|Any CPU
		{A059D3FE-462A-4015-AAE3-B3D9C90624E8}.Release|Any CPU.Build.0 = Release|Any CPU
		{BDED8A5F-FE4D-4E9E-92BE-5CAAC770F7EA}.Debug|Any CPU.ActiveCfg = Debug|Any CPU
		{BDED8A5F-FE4D-4E9E-92BE-5CAAC770F7EA}.Debug|Any CPU.Build.0 = Debug|Any CPU
		{BDED8A5F-FE4D-4E9E-92BE-5CAAC770F7EA}.Release|Any CPU.ActiveCfg = Release|Any CPU
		{BDED8A5F-FE4D-4E9E-92BE-5CAAC770F7EA}.Release|Any CPU.Build.0 = Release|Any CPU
		{2869E77E-43C5-4FF4-B835-82094C85C7B1}.Debug|Any CPU.ActiveCfg = Debug|Any CPU
		{2869E77E-43C5-4FF4-B835-82094C85C7B1}.Debug|Any CPU.Build.0 = Debug|Any CPU
		{2869E77E-43C5-4FF4-B835-82094C85C7B1}.Release|Any CPU.ActiveCfg = Release|Any CPU
		{2869E77E-43C5-4FF4-B835-82094C85C7B1}.Release|Any CPU.Build.0 = Release|Any CPU
	EndGlobalSection
	GlobalSection(SolutionProperties) = preSolution
		HideSolutionNode = FALSE
	EndGlobalSection
	GlobalSection(ExtensibilityGlobals) = postSolution
		SolutionGuid = {D33A1CF2-8A24-41CF-B4BB-97D5E966D3C5}
	EndGlobalSection
EndGlobal
